
Microsoft Visual Studio Solution File, Format Version 12.00
# Visual Studio Version 16
VisualStudioVersion = 16.0.29709.97
MinimumVisualStudioVersion = 10.0.40219.1
Project("{FAE04EC0-301F-11D3-BF4B-00C04F79EFBC}") = "Codenation-DesafioReactNative", "Codenation-DesafioReactNative.csproj", "{00B88ED0-93C9-4D66-BAB2-001E431D1984}"
EndProject
Global
	GlobalSection(SolutionConfigurationPlatforms) = preSolution
		Debug|Any CPU = Debug|Any CPU
		Release|Any CPU = Release|Any CPU
	EndGlobalSection
	GlobalSection(ProjectConfigurationPlatforms) = postSolution
		{00B88ED0-93C9-4D66-BAB2-001E431D1984}.Debug|Any CPU.ActiveCfg = Debug|Any CPU
		{00B88ED0-93C9-4D66-BAB2-001E431D1984}.Debug|Any CPU.Build.0 = Debug|Any CPU
		{00B88ED0-93C9-4D66-BAB2-001E431D1984}.Release|Any CPU.ActiveCfg = Release|Any CPU
		{00B88ED0-93C9-4D66-BAB2-001E431D1984}.Release|Any CPU.Build.0 = Release|Any CPU
	EndGlobalSection
	GlobalSection(SolutionProperties) = preSolution
		HideSolutionNode = FALSE
	EndGlobalSection
	GlobalSection(ExtensibilityGlobals) = postSolution
		SolutionGuid = {40595D46-941D-4B30-8579-B4AFE4CEBCB7}
	EndGlobalSection
EndGlobal
